{
  "name": "katex-quick-render",
  "version": "1.4.3",
  "lockfileVersion": 1,
  "requires": true,
  "dependencies": {
    "atom-package-deps": {
      "version": "4.6.2",
      "resolved": "https://registry.npmjs.org/atom-package-deps/-/atom-package-deps-4.6.2.tgz",
      "integrity": "sha512-GOcCULZPzpcFfnHo9Oz5fT/EaArFHNs84E4rp/Nox0/GlS1UYkEF44FRdgD+7TxAudRfQAXE0a8wh0GealCXZg==",
      "requires": {
        "atom-package-path": "^1.1.0",
        "sb-fs": "^3.0.0",
        "semver": "^5.3.0"
      }
    },
    "atom-package-path": {
      "version": "1.1.0",
      "resolved": "https://registry.npmjs.org/atom-package-path/-/atom-package-path-1.1.0.tgz",
      "integrity": "sha1-tR/tvADnyM5SI9DYA9t6P09pYU8=",
      "requires": {
        "sb-callsite": "^1.1.2"
      }
    },
    "commander": {
      "version": "2.20.3",
      "resolved": "https://registry.npmjs.org/commander/-/commander-2.20.3.tgz",
      "integrity": "sha512-GpVkmM8vF2vQUkj2LvZmD35JxeJOLCwJ9cUkugyk2nuhbv3+mJvpLYYt+0+USMxE+oj+ey/lJEnhZw75x/OMcQ=="
    },
    "complex.js": {
      "version": "2.0.11",
      "resolved": "https://registry.npmjs.org/complex.js/-/complex.js-2.0.11.tgz",
      "integrity": "sha512-6IArJLApNtdg1P1dFtn3dnyzoZBEF0MwMnrfF1exSBRpZYoy4yieMkpZhQDC0uwctw48vii0CFVyHfpgZ/DfGw=="
    },
    "decimal.js": {
      "version": "10.2.0",
      "resolved": "https://registry.npmjs.org/decimal.js/-/decimal.js-10.2.0.tgz",
      "integrity": "sha512-vDPw+rDgn3bZe1+F/pyEwb1oMG2XTlRVgAa6B4KccTEpYgF8w6eQllVbQcfIJnZyvzFtFpxnpGtx8dd7DJp/Rw=="
    },
    "escape-latex": {
      "version": "1.2.0",
      "resolved": "https://registry.npmjs.org/escape-latex/-/escape-latex-1.2.0.tgz",
      "integrity": "sha512-nV5aVWW1K0wEiUIEdZ4erkGGH8mDxGyxSeqPzRNtWP7ataw+/olFObw7hujFWlVjNsaDFw5VZ5NzVSIqRgfTiw=="
    },
    "fraction.js": {
      "version": "4.0.12",
      "resolved": "https://registry.npmjs.org/fraction.js/-/fraction.js-4.0.12.tgz",
      "integrity": "sha512-8Z1K0VTG4hzYY7kA/1sj4/r1/RWLBD3xwReT/RCrUCbzPszjNQCCsy3ktkU/eaEqX3MYa4pY37a52eiBlPMlhA=="
    },
    "is-utf8": {
      "version": "0.2.1",
      "resolved": "https://registry.npmjs.org/is-utf8/-/is-utf8-0.2.1.tgz",
      "integrity": "sha1-Sw2hRCEE0bM2NA6AeX6GXPOffXI="
    },
    "javascript-natural-sort": {
      "version": "0.7.1",
      "resolved": "https://registry.npmjs.org/javascript-natural-sort/-/javascript-natural-sort-0.7.1.tgz",
      "integrity": "sha1-+eIwPUUH9tdDVac2ZNFED7Wg71k="
    },
    "katex": {
      "version": "0.11.1",
      "resolved": "https://registry.npmjs.org/katex/-/katex-0.11.1.tgz",
      "integrity": "sha512-5oANDICCTX0NqYIyAiFCCwjQ7ERu3DQG2JFHLbYOf+fXaMoH8eg/zOq5WSYJsKMi/QebW+Eh3gSM+oss1H/bww==",
      "requires": {
        "commander": "^2.19.0"
      }
    },
    "mathjs": {
      "version": "6.2.3",
      "resolved": "https://registry.npmjs.org/mathjs/-/mathjs-6.2.3.tgz",
      "integrity": "sha512-IEYTyz8tu7nslF4j2TtDs7C+9Emi2/iJTYXjc5WLoIKTJOLLtjp3Aglys0ZbV9KSiaJhpfGPLXm8Z5d7vEGN3w==",
      "requires": {
        "complex.js": "2.0.11",
        "decimal.js": "10.2.0",
        "escape-latex": "1.2.0",
        "fraction.js": "4.0.12",
        "javascript-natural-sort": "0.7.1",
        "seed-random": "2.2.0",
        "tiny-emitter": "2.1.0",
        "typed-function": "1.1.1"
      }
    },
    "sb-callsite": {
      "version": "1.1.2",
      "resolved": "https://registry.npmjs.org/sb-callsite/-/sb-callsite-1.1.2.tgz",
      "integrity": "sha1-KBkftm1k46PukghKlakPy1ECJDs="
    },
    "sb-fs": {
      "version": "3.0.0",
      "resolved": "https://registry.npmjs.org/sb-fs/-/sb-fs-3.0.0.tgz",
      "integrity": "sha1-+9zdMBDoChuOJ0kM7zNgZJdCA7g=",
      "requires": {
        "sb-promisify": "^2.0.1",
        "strip-bom-buf": "^1.0.0"
      }
    },
    "sb-promisify": {
      "version": "2.0.2",
      "resolved": "https://registry.npmjs.org/sb-promisify/-/sb-promisify-2.0.2.tgz",
      "integrity": "sha1-QnelR1RIiqlnXYhuNU24lMm9yYE="
    },
    "seed-random": {
      "version": "2.2.0",
      "resolved": "https://registry.npmjs.org/seed-random/-/seed-random-2.2.0.tgz",
      "integrity": "sha1-KpsZ4lCoFwmSMaW5mk2vgLf77VQ="
    },
    "semver": {
      "version": "5.7.0",
      "resolved": "https://registry.npmjs.org/semver/-/semver-5.7.0.tgz",
      "integrity": "sha512-Ya52jSX2u7QKghxeoFGpLwCtGlt7j0oY9DYb5apt9nPlJ42ID+ulTXESnt/qAQcoSERyZ5sl3LDIOw0nAn/5DA=="
    },
    "strip-bom-buf": {
      "version": "1.0.0",
      "resolved": "https://registry.npmjs.org/strip-bom-buf/-/strip-bom-buf-1.0.0.tgz",
      "integrity": "sha1-HLRar1dTD0yvhsf3UXnSyaUd1XI=",
      "requires": {
        "is-utf8": "^0.2.1"
      }
    },
    "tiny-emitter": {
      "version": "2.1.0",
      "resolved": "https://registry.npmjs.org/tiny-emitter/-/tiny-emitter-2.1.0.tgz",
      "integrity": "sha512-NB6Dk1A9xgQPMoGqC5CVXn123gWyte215ONT5Pp5a0yt4nlEoO1ZWeCwpncaekPHXO60i47ihFnZPiRPjRMq4Q=="
    },
    "typed-function": {
      "version": "1.1.1",
      "resolved": "https://registry.npmjs.org/typed-function/-/typed-function-1.1.1.tgz",
      "integrity": "sha512-RbN7MaTQBZLJYzDENHPA0nUmWT0Ex80KHItprrgbTPufYhIlTePvCXZxyQK7wgn19FW5bnuaBIKcBb5mRWjB1Q=="
    }
  }
}
